// !$*UTF8*$!
{
	archiveVersion = 1;
	classes = {
	};
	objectVersion = 56;
	objects = {

/* Begin PBXBuildFile section */
		075BA3342A23E2D500AA7A4E /* TabBarController.swift in Sources */ = {isa = PBXBuildFile; fileRef = 075BA3332A23E2D500AA7A4E /* TabBarController.swift */; };
		075BA3362A23E30100AA7A4E /* SecondContactListViewController.swift in Sources */ = {isa = PBXBuildFile; fileRef = 075BA3352A23E30100AA7A4E /* SecondContactListViewController.swift */; };
		079B36D22A2265F000EE8A56 /* AppDelegate.swift in Sources */ = {isa = PBXBuildFile; fileRef = 079B36D12A2265F000EE8A56 /* AppDelegate.swift */; };
		079B36D42A2265F000EE8A56 /* SceneDelegate.swift in Sources */ = {isa = PBXBuildFile; fileRef = 079B36D32A2265F000EE8A56 /* SceneDelegate.swift */; };
		079B36D92A2265F000EE8A56 /* Main.storyboard in Resources */ = {isa = PBXBuildFile; fileRef = 079B36D72A2265F000EE8A56 /* Main.storyboard */; };
		079B36DB2A2265F100EE8A56 /* Assets.xcassets in Resources */ = {isa = PBXBuildFile; fileRef = 079B36DA2A2265F100EE8A56 /* Assets.xcassets */; };
		079B36DE2A2265F100EE8A56 /* LaunchScreen.storyboard in Resources */ = {isa = PBXBuildFile; fileRef = 079B36DC2A2265F100EE8A56 /* LaunchScreen.storyboard */; };
		079B36EA2A22666500EE8A56 /* ContactListViewController.swift in Sources */ = {isa = PBXBuildFile; fileRef = 079B36E92A22666500EE8A56 /* ContactListViewController.swift */; };
		079B36EF2A226A0400EE8A56 /* Person.swift in Sources */ = {isa = PBXBuildFile; fileRef = 079B36EE2A226A0400EE8A56 /* Person.swift */; };
		079B36F12A226AA900EE8A56 /* DataStore.swift in Sources */ = {isa = PBXBuildFile; fileRef = 079B36F02A226AA900EE8A56 /* DataStore.swift */; };
		079B36F32A22753200EE8A56 /* PersonDetailsViewController.swift in Sources */ = {isa = PBXBuildFile; fileRef = 079B36F22A22753200EE8A56 /* PersonDetailsViewController.swift */; };
/* End PBXBuildFile section */

/* Begin PBXFileReference section */
		075BA3332A23E2D500AA7A4E /* TabBarController.swift */ = {isa = PBXFileReference; lastKnownFileType = sourcecode.swift; path = TabBarController.swift; sourceTree = "<group>"; };
		075BA3352A23E30100AA7A4E /* SecondContactListViewController.swift */ = {isa = PBXFileReference; lastKnownFileType = sourcecode.swift; path = SecondContactListViewController.swift; sourceTree = "<group>"; };
		079B36CE2A2265F000EE8A56 /* ContactList.app */ = {isa = PBXFileReference; explicitFileType = wrapper.application; includeInIndex = 0; path = ContactList.app; sourceTree = BUILT_PRODUCTS_DIR; };
		079B36D12A2265F000EE8A56 /* AppDelegate.swift */ = {isa = PBXFileReference; lastKnownFileType = sourcecode.swift; path = AppDelegate.swift; sourceTree = "<group>"; };
		079B36D32A2265F000EE8A56 /* SceneDelegate.swift */ = {isa = PBXFileReference; lastKnownFileType = sourcecode.swift; path = SceneDelegate.swift; sourceTree = "<group>"; };
		079B36D82A2265F000EE8A56 /* Base */ = {isa = PBXFileReference; lastKnownFileType = file.storyboard; name = Base; path = Base.lproj/Main.storyboard; sourceTree = "<group>"; };
		079B36DA2A2265F100EE8A56 /* Assets.xcassets */ = {isa = PBXFileReference; lastKnownFileType = folder.assetcatalog; path = Assets.xcassets; sourceTree = "<group>"; };
		079B36DD2A2265F100EE8A56 /* Base */ = {isa = PBXFileReference; lastKnownFileType = file.storyboard; name = Base; path = Base.lproj/LaunchScreen.storyboard; sourceTree = "<group>"; };
		079B36DF2A2265F100EE8A56 /* Info.plist */ = {isa = PBXFileReference; lastKnownFileType = text.plist.xml; path = Info.plist; sourceTree = "<group>"; };
		079B36E92A22666500EE8A56 /* ContactListViewController.swift */ = {isa = PBXFileReference; lastKnownFileType = sourcecode.swift; path = ContactListViewController.swift; sourceTree = "<group>"; };
		079B36EE2A226A0400EE8A56 /* Person.swift */ = {isa = PBXFileReference; lastKnownFileType = sourcecode.swift; path = Person.swift; sourceTree = "<group>"; };
		079B36F02A226AA900EE8A56 /* DataStore.swift */ = {isa = PBXFileReference; lastKnownFileType = sourcecode.swift; path = DataStore.swift; sourceTree = "<group>"; };
		079B36F22A22753200EE8A56 /* PersonDetailsViewController.swift */ = {isa = PBXFileReference; lastKnownFileType = sourcecode.swift; path = PersonDetailsViewController.swift; sourceTree = "<group>"; };
/* End PBXFileReference section */

/* Begin PBXFrameworksBuildPhase section */
		079B36CB2A2265F000EE8A56 /* Frameworks */ = {
			isa = PBXFrameworksBuildPhase;
			buildActionMask = 2147483647;
			files = (
			);
			runOnlyForDeploymentPostprocessing = 0;
		};
/* End PBXFrameworksBuildPhase section */

/* Begin PBXGroup section */
		079B36C52A2265F000EE8A56 = {
			isa = PBXGroup;
			children = (
				079B36D02A2265F000EE8A56 /* ContactList */,
				079B36CF2A2265F000EE8A56 /* Products */,
			);
			sourceTree = "<group>";
		};
		079B36CF2A2265F000EE8A56 /* Products */ = {
			isa = PBXGroup;
			children = (
				079B36CE2A2265F000EE8A56 /* ContactList.app */,
			);
			name = Products;
			sourceTree = "<group>";
		};
		079B36D02A2265F000EE8A56 /* ContactList */ = {
			isa = PBXGroup;
			children = (
				079B36E52A2265FF00EE8A56 /* App */,
				079B36ED2A2269F700EE8A56 /* Models */,
				079B36E62A22661400EE8A56 /* Stroyboards */,
				079B36E82A22662600EE8A56 /* ViewControllers */,
				079B36E72A22661E00EE8A56 /* Resources */,
			);
			path = ContactList;
			sourceTree = "<group>";
		};
		079B36E52A2265FF00EE8A56 /* App */ = {
			isa = PBXGroup;
			children = (
				079B36D12A2265F000EE8A56 /* AppDelegate.swift */,
				079B36D32A2265F000EE8A56 /* SceneDelegate.swift */,
				079B36DF2A2265F100EE8A56 /* Info.plist */,
			);
			path = App;
			sourceTree = "<group>";
		};
		079B36E62A22661400EE8A56 /* Stroyboards */ = {
			isa = PBXGroup;
			children = (
				079B36D72A2265F000EE8A56 /* Main.storyboard */,
				079B36DC2A2265F100EE8A56 /* LaunchScreen.storyboard */,
			);
			path = Stroyboards;
			sourceTree = "<group>";
		};
		079B36E72A22661E00EE8A56 /* Resources */ = {
			isa = PBXGroup;
			children = (
				079B36DA2A2265F100EE8A56 /* Assets.xcassets */,
			);
			path = Resources;
			sourceTree = "<group>";
		};
		079B36E82A22662600EE8A56 /* ViewControllers */ = {
			isa = PBXGroup;
			children = (
				075BA3332A23E2D500AA7A4E /* TabBarController.swift */,
				079B36E92A22666500EE8A56 /* ContactListViewController.swift */,
				079B36F22A22753200EE8A56 /* PersonDetailsViewController.swift */,
				075BA3352A23E30100AA7A4E /* SecondContactListViewController.swift */,
			);
			path = ViewControllers;
			sourceTree = "<group>";
		};
		079B36ED2A2269F700EE8A56 /* Models */ = {
			isa = PBXGroup;
			children = (
				079B36EE2A226A0400EE8A56 /* Person.swift */,
				079B36F02A226AA900EE8A56 /* DataStore.swift */,
			);
			path = Models;
			sourceTree = "<group>";
		};
/* End PBXGroup section */

/* Begin PBXNativeTarget section */
		079B36CD2A2265F000EE8A56 /* ContactList */ = {
			isa = PBXNativeTarget;
			buildConfigurationList = 079B36E22A2265F100EE8A56 /* Build configuration list for PBXNativeTarget "ContactList" */;
			buildPhases = (
				079B36CA2A2265F000EE8A56 /* Sources */,
				079B36CB2A2265F000EE8A56 /* Frameworks */,
				079B36CC2A2265F000EE8A56 /* Resources */,
			);
			buildRules = (
			);
			dependencies = (
			);
			name = ContactList;
			productName = ContactList;
			productReference = 079B36CE2A2265F000EE8A56 /* ContactList.app */;
			productType = "com.apple.product-type.application";
		};
/* End PBXNativeTarget section */

/* Begin PBXProject section */
		079B36C62A2265F000EE8A56 /* Project object */ = {
			isa = PBXProject;
			attributes = {
				BuildIndependentTargetsInParallel = 1;
				LastSwiftUpdateCheck = 1430;
				LastUpgradeCheck = 1430;
				TargetAttributes = {
					079B36CD2A2265F000EE8A56 = {
						CreatedOnToolsVersion = 14.3;
					};
				};
			};
			buildConfigurationList = 079B36C92A2265F000EE8A56 /* Build configuration list for PBXProject "ContactList" */;
			compatibilityVersion = "Xcode 14.0";
			developmentRegion = en;
			hasScannedForEncodings = 0;
			knownRegions = (
				en,
				Base,
			);
			mainGroup = 079B36C52A2265F000EE8A56;
			productRefGroup = 079B36CF2A2265F000EE8A56 /* Products */;
			projectDirPath = "";
			projectRoot = "";
			targets = (
				079B36CD2A2265F000EE8A56 /* ContactList */,
			);
		};
/* End PBXProject section */

/* Begin PBXResourcesBuildPhase section */
		079B36CC2A2265F000EE8A56 /* Resources */ = {
			isa = PBXResourcesBuildPhase;
			buildActionMask = 2147483647;
			files = (
				079B36DE2A2265F100EE8A56 /* LaunchScreen.storyboard in Resources */,
				079B36DB2A2265F100EE8A56 /* Assets.xcassets in Resources */,
				079B36D92A2265F000EE8A56 /* Main.storyboard in Resources */,
			);
			runOnlyForDeploymentPostprocessing = 0;
		};
/* End PBXResourcesBuildPhase section */

/* Begin PBXSourcesBuildPhase section */
		079B36CA2A2265F000EE8A56 /* Sources */ = {
			isa = PBXSourcesBuildPhase;
			buildActionMask = 2147483647;
			files = (
				079B36EF2A226A0400EE8A56 /* Person.swift in Sources */,
				079B36F12A226AA900EE8A56 /* DataStore.swift in Sources */,
				079B36D22A2265F000EE8A56 /* AppDelegate.swift in Sources */,
				075BA3362A23E30100AA7A4E /* SecondContactListViewController.swift in Sources */,
				079B36D42A2265F000EE8A56 /* SceneDelegate.swift in Sources */,
				075BA3342A23E2D500AA7A4E /* TabBarController.swift in Sources */,
				079B36EA2A22666500EE8A56 /* ContactListViewController.swift in Sources */,
				079B36F32A22753200EE8A56 /* PersonDetailsViewController.swift in Sources */,
			);
			runOnlyForDeploymentPostprocessing = 0;
		};
/* End PBXSourcesBuildPhase section */

/* Begin PBXVariantGroup section */
		079B36D72A2265F000EE8A56 /* Main.storyboard */ = {
			isa = PBXVariantGroup;
			children = (
				079B36D82A2265F000EE8A56 /* Base */,
			);
			name = Main.storyboard;
			sourceTree = "<group>";
		};
		079B36DC2A2265F100EE8A56 /* LaunchScreen.storyboard */ = {
			isa = PBXVariantGroup;
			children = (
				079B36DD2A2265F100EE8A56 /* Base */,
			);
			name = LaunchScreen.storyboard;
			sourceTree = "<group>";
		};
/* End PBXVariantGroup section */

/* Begin XCBuildConfiguration section */
		079B36E02A2265F100EE8A56 /* Debug */ = {
			isa = XCBuildConfiguration;
			buildSettings = {
				ALWAYS_SEARCH_USER_PATHS = NO;
				CLANG_ANALYZER_NONNULL = YES;
				CLANG_ANALYZER_NUMBER_OBJECT_CONVERSION = YES_AGGRESSIVE;
				CLANG_CXX_LANGUAGE_STANDARD = "gnu++20";
				CLANG_ENABLE_MODULES = YES;
				CLANG_ENABLE_OBJC_ARC = YES;
				CLANG_ENABLE_OBJC_WEAK = YES;
				CLANG_WARN_BLOCK_CAPTURE_AUTORELEASING = YES;
				CLANG_WARN_BOOL_CONVERSION = YES;
				CLANG_WARN_COMMA = YES;
				CLANG_WARN_CONSTANT_CONVERSION = YES;
				CLANG_WARN_DEPRECATED_OBJC_IMPLEMENTATIONS = YES;
				CLANG_WARN_DIRECT_OBJC_ISA_USAGE = YES_ERROR;
				CLANG_WARN_DOCUMENTATION_COMMENTS = YES;
				CLANG_WARN_EMPTY_BODY = YES;
				CLANG_WARN_ENUM_CONVERSION = YES;
				CLANG_WARN_INFINITE_RECURSION = YES;
				CLANG_WARN_INT_CONVERSION = YES;
				CLANG_WARN_NON_LITERAL_NULL_CONVERSION = YES;
				CLANG_WARN_OBJC_IMPLICIT_RETAIN_SELF = YES;
				CLANG_WARN_OBJC_LITERAL_CONVERSION = YES;
				CLANG_WARN_OBJC_ROOT_CLASS = YES_ERROR;
				CLANG_WARN_QUOTED_INCLUDE_IN_FRAMEWORK_HEADER = YES;
				CLANG_WARN_RANGE_LOOP_ANALYSIS = YES;
				CLANG_WARN_STRICT_PROTOTYPES = YES;
				CLANG_WARN_SUSPICIOUS_MOVE = YES;
				CLANG_WARN_UNGUARDED_AVAILABILITY = YES_AGGRESSIVE;
				CLANG_WARN_UNREACHABLE_CODE = YES;
				CLANG_WARN__DUPLICATE_METHOD_MATCH = YES;
				COPY_PHASE_STRIP = NO;
				DEBUG_INFORMATION_FORMAT = dwarf;
				ENABLE_STRICT_OBJC_MSGSEND = YES;
				ENABLE_TESTABILITY = YES;
				GCC_C_LANGUAGE_STANDARD = gnu11;
				GCC_DYNAMIC_NO_PIC = NO;
				GCC_NO_COMMON_BLOCKS = YES;
				GCC_OPTIMIZATION_LEVEL = 0;
				GCC_PREPROCESSOR_DEFINITIONS = (
					"DEBUG=1",
					"$(inherited)",
				);
				GCC_WARN_64_TO_32_BIT_CONVERSION = YES;
				GCC_WARN_ABOUT_RETURN_TYPE = YES_ERROR;
				GCC_WARN_UNDECLARED_SELECTOR = YES;
				GCC_WARN_UNINITIALIZED_AUTOS = YES_AGGRESSIVE;
				GCC_WARN_UNUSED_FUNCTION = YES;
				GCC_WARN_UNUSED_VARIABLE = YES;
				IPHONEOS_DEPLOYMENT_TARGET = 16.4;
				MTL_ENABLE_DEBUG_INFO = INCLUDE_SOURCE;
				MTL_FAST_MATH = YES;
				ONLY_ACTIVE_ARCH = YES;
				SDKROOT = iphoneos;
				SWIFT_ACTIVE_COMPILATION_CONDITIONS = DEBUG;
				SWIFT_OPTIMIZATION_LEVEL = "-Onone";
			};
			name = Debug;
		};
		079B36E12A2265F100EE8A56 /* Release */ = {
			isa = XCBuildConfiguration;
			buildSettings = {
				ALWAYS_SEARCH_USER_PATHS = NO;
				CLANG_ANALYZER_NONNULL = YES;
				CLANG_ANALYZER_NUMBER_OBJECT_CONVERSION = YES_AGGRESSIVE;
				CLANG_CXX_LANGUAGE_STANDARD = "gnu++20";
				CLANG_ENABLE_MODULES = YES;
				CLANG_ENABLE_OBJC_ARC = YES;
				CLANG_ENABLE_OBJC_WEAK = YES;
				CLANG_WARN_BLOCK_CAPTURE_AUTORELEASING = YES;
				CLANG_WARN_BOOL_CONVERSION = YES;
				CLANG_WARN_COMMA = YES;
				CLANG_WARN_CONSTANT_CONVERSION = YES;
				CLANG_WARN_DEPRECATED_OBJC_IMPLEMENTATIONS = YES;
				CLANG_WARN_DIRECT_OBJC_ISA_USAGE = YES_ERROR;
				CLANG_WARN_DOCUMENTATION_COMMENTS = YES;
				CLANG_WARN_EMPTY_BODY = YES;
				CLANG_WARN_ENUM_CONVERSION = YES;
				CLANG_WARN_INFINITE_RECURSION = YES;
				CLANG_WARN_INT_CONVERSION = YES;
				CLANG_WARN_NON_LITERAL_NULL_CONVERSION = YES;
				CLANG_WARN_OBJC_IMPLICIT_RETAIN_SELF = YES;
				CLANG_WARN_OBJC_LITERAL_CONVERSION = YES;
				CLANG_WARN_OBJC_ROOT_CLASS = YES_ERROR;
				CLANG_WARN_QUOTED_INCLUDE_IN_FRAMEWORK_HEADER = YES;
				CLANG_WARN_RANGE_LOOP_ANALYSIS = YES;
				CLANG_WARN_STRICT_PROTOTYPES = YES;
				CLANG_WARN_SUSPICIOUS_MOVE = YES;
				CLANG_WARN_UNGUARDED_AVAILABILITY = YES_AGGRESSIVE;
				CLANG_WARN_UNREACHABLE_CODE = YES;
				CLANG_WARN__DUPLICATE_METHOD_MATCH = YES;
				COPY_PHASE_STRIP = NO;
				DEBUG_INFORMATION_FORMAT = "dwarf-with-dsym";
				ENABLE_NS_ASSERTIONS = NO;
				ENABLE_STRICT_OBJC_MSGSEND = YES;
				GCC_C_LANGUAGE_STANDARD = gnu11;
				GCC_NO_COMMON_BLOCKS = YES;
				GCC_WARN_64_TO_32_BIT_CONVERSION = YES;
				GCC_WARN_ABOUT_RETURN_TYPE = YES_ERROR;
				GCC_WARN_UNDECLARED_SELECTOR = YES;
				GCC_WARN_UNINITIALIZED_AUTOS = YES_AGGRESSIVE;
				GCC_WARN_UNUSED_FUNCTION = YES;
				GCC_WARN_UNUSED_VARIABLE = YES;
				IPHONEOS_DEPLOYMENT_TARGET = 16.4;
				MTL_ENABLE_DEBUG_INFO = NO;
				MTL_FAST_MATH = YES;
				SDKROOT = iphoneos;
				SWIFT_COMPILATION_MODE = wholemodule;
				SWIFT_OPTIMIZATION_LEVEL = "-O";
				VALIDATE_PRODUCT = YES;
			};
			name = Release;
		};
		079B36E32A2265F100EE8A56 /* Debug */ = {
			isa = XCBuildConfiguration;
			buildSettings = {
				ASSETCATALOG_COMPILER_APPICON_NAME = AppIcon;
				ASSETCATALOG_COMPILER_GLOBAL_ACCENT_COLOR_NAME = AccentColor;
				CODE_SIGN_STYLE = Automatic;
				CURRENT_PROJECT_VERSION = 1;
				DEVELOPMENT_TEAM = 6PNGGFV6BC;
				GENERATE_INFOPLIST_FILE = YES;
				INFOPLIST_FILE = ContactList/App/Info.plist;
				INFOPLIST_KEY_UIApplicationSupportsIndirectInputEvents = YES;
				INFOPLIST_KEY_UILaunchStoryboardName = LaunchScreen;
				INFOPLIST_KEY_UIMainStoryboardFile = Main;
				INFOPLIST_KEY_UISupportedInterfaceOrientations_iPad = "UIInterfaceOrientationPortrait UIInterfaceOrientationPortraitUpsideDown UIInterfaceOrientationLandscapeLeft UIInterfaceOrientationLandscapeRight";
				INFOPLIST_KEY_UISupportedInterfaceOrientations_iPhone = "UIInterfaceOrientationPortrait UIInterfaceOrientationLandscapeLeft UIInterfaceOrientationLandscapeRight";
				LD_RUNPATH_SEARCH_PATHS = (
					"$(inherited)",
					"@executable_path/Frameworks",
				);
				MARKETING_VERSION = 1.0;
				PRODUCT_BUNDLE_IDENTIFIER = repakuku.ContactList;
				PRODUCT_NAME = "$(TARGET_NAME)";
				SWIFT_EMIT_LOC_STRINGS = YES;
				SWIFT_VERSION = 5.0;
				TARGETED_DEVICE_FAMILY = "1,2";
			};
			name = Debug;
		};
		079B36E42A2265F100EE8A56 /* Release */ = {
			isa = XCBuildConfiguration;
			buildSettings = {
				ASSETCATALOG_COMPILER_APPICON_NAME = AppIcon;
				ASSETCATALOG_COMPILER_GLOBAL_ACCENT_COLOR_NAME = AccentColor;
				CODE_SIGN_STYLE = Automatic;
				CURRENT_PROJECT_VERSION = 1;
				DEVELOPMENT_TEAM = 6PNGGFV6BC;
				GENERATE_INFOPLIST_FILE = YES;
				INFOPLIST_FILE = ContactList/App/Info.plist;
				INFOPLIST_KEY_UIApplicationSupportsIndirectInputEvents = YES;
				INFOPLIST_KEY_UILaunchStoryboardName = LaunchScreen;
				INFOPLIST_KEY_UIMainStoryboardFile = Main;
				INFOPLIST_KEY_UISupportedInterfaceOrientations_iPad = "UIInterfaceOrientationPortrait UIInterfaceOrientationPortraitUpsideDown UIInterfaceOrientationLandscapeLeft UIInterfaceOrientationLandscapeRight";
				INFOPLIST_KEY_UISupportedInterfaceOrientations_iPhone = "UIInterfaceOrientationPortrait UIInterfaceOrientationLandscapeLeft UIInterfaceOrientationLandscapeRight";
				LD_RUNPATH_SEARCH_PATHS = (
					"$(inherited)",
					"@executable_path/Frameworks",
				);
				MARKETING_VERSION = 1.0;
				PRODUCT_BUNDLE_IDENTIFIER = repakuku.ContactList;
				PRODUCT_NAME = "$(TARGET_NAME)";
				SWIFT_EMIT_LOC_STRINGS = YES;
				SWIFT_VERSION = 5.0;
				TARGETED_DEVICE_FAMILY = "1,2";
			};
			name = Release;
		};
/* End XCBuildConfiguration section */

/* Begin XCConfigurationList section */
		079B36C92A2265F000EE8A56 /* Build configuration list for PBXProject "ContactList" */ = {
			isa = XCConfigurationList;
			buildConfigurations = (
				079B36E02A2265F100EE8A56 /* Debug */,
				079B36E12A2265F100EE8A56 /* Release */,
			);
			defaultConfigurationIsVisible = 0;
			defaultConfigurationName = Release;
		};
		079B36E22A2265F100EE8A56 /* Build configuration list for PBXNativeTarget "ContactList" */ = {
			isa = XCConfigurationList;
			buildConfigurations = (
				079B36E32A2265F100EE8A56 /* Debug */,
				079B36E42A2265F100EE8A56 /* Release */,
			);
			defaultConfigurationIsVisible = 0;
			defaultConfigurationName = Release;
		};
/* End XCConfigurationList section */
	};
	rootObject = 079B36C62A2265F000EE8A56 /* Project object */;
}
